
Microsoft Visual Studio Solution File, Format Version 12.00
# Visual Studio 15
VisualStudioVersion = 15.0.28307.572
MinimumVisualStudioVersion = 10.0.40219.1
Project("{FAE04EC0-301F-11D3-BF4B-00C04F79EFBC}") = "M2L_Asso", "M2L_Asso\M2L_Asso.csproj", "{99485C4E-522C-438F-8039-49B9A516294D}"
EndProject
Global
	GlobalSection(SolutionConfigurationPlatforms) = preSolution
		Debug|Any CPU = Debug|Any CPU
		Release|Any CPU = Release|Any CPU
	EndGlobalSection
	GlobalSection(ProjectConfigurationPlatforms) = postSolution
		{99485C4E-522C-438F-8039-49B9A516294D}.Debug|Any CPU.ActiveCfg = Debug|Any CPU
		{99485C4E-522C-438F-8039-49B9A516294D}.Debug|Any CPU.Build.0 = Debug|Any CPU
		{99485C4E-522C-438F-8039-49B9A516294D}.Release|Any CPU.ActiveCfg = Release|Any CPU
		{99485C4E-522C-438F-8039-49B9A516294D}.Release|Any CPU.Build.0 = Release|Any CPU
	EndGlobalSection
	GlobalSection(SolutionProperties) = preSolution
		HideSolutionNode = FALSE
	EndGlobalSection
	GlobalSection(ExtensibilityGlobals) = postSolution
		SolutionGuid = {7C0BF0E6-1170-4203-990D-228CBD5902D7}
	EndGlobalSection
EndGlobal
